
Microsoft Visual Studio Solution File, Format Version 12.00
# Visual Studio Version 17
VisualStudioVersion = 17.1.32421.90
MinimumVisualStudioVersion = 10.0.40219.1
Project("{FAE04EC0-301F-11D3-BF4B-00C04F79EFBC}") = "WebAdvert.Web", "WebAdvert.Web.csproj", "{4EDBB65E-CB43-4F3A-8019-FD9D528800AF}"
EndProject
Global
	GlobalSection(SolutionConfigurationPlatforms) = preSolution
		Debug|Any CPU = Debug|Any CPU
		Release|Any CPU = Release|Any CPU
	EndGlobalSection
	GlobalSection(ProjectConfigurationPlatforms) = postSolution
		{4EDBB65E-CB43-4F3A-8019-FD9D528800AF}.Debug|Any CPU.ActiveCfg = Debug|Any CPU
		{4EDBB65E-CB43-4F3A-8019-FD9D528800AF}.Debug|Any CPU.Build.0 = Debug|Any CPU
		{4EDBB65E-CB43-4F3A-8019-FD9D528800AF}.Release|Any CPU.ActiveCfg = Release|Any CPU
		{4EDBB65E-CB43-4F3A-8019-FD9D528800AF}.Release|Any CPU.Build.0 = Release|Any CPU
	EndGlobalSection
	GlobalSection(SolutionProperties) = preSolution
		HideSolutionNode = FALSE
	EndGlobalSection
	GlobalSection(ExtensibilityGlobals) = postSolution
		SolutionGuid = {4816AA03-7E6D-4525-8E5D-6983874FC223}
	EndGlobalSection
EndGlobal
